Microsoft Visual Studio Solution File, Format Version 12.00
# Visual Studio 15
VisualStudioVersion = 15.0.26124.0
MinimumVisualStudioVersion = 15.0.26124.0
Project("{9A19103F-16F7-4668-BE54-9A1E7A4F7556}") = "ApiLibs", "ApiLibs\ApiLibs.csproj", "{58F550CA-7B74-411A-A025-E5C99A2A5B09}"
EndProject
Project("{9A19103F-16F7-4668-BE54-9A1E7A4F7556}") = "ApiLibsTest", "ApiLibsTest\ApiLibsTest.csproj", "{FD8105E9-2E1B-4638-8881-4EC9C7D20E9F}"
EndProject
Global
	GlobalSection(SolutionConfigurationPlatforms) = preSolution
		Debug|Any CPU = Debug|Any CPU
		Debug|x64 = Debug|x64
		Debug|x86 = Debug|x86
		Release|Any CPU = Release|Any CPU
		Release|x64 = Release|x64
		Release|x86 = Release|x86
	EndGlobalSection
	GlobalSection(ProjectConfigurationPlatforms) = postSolution
		{58F550CA-7B74-411A-A025-E5C99A2A5B09}.Debug|Any CPU.ActiveCfg = Debug|Any CPU
		{58F550CA-7B74-411A-A025-E5C99A2A5B09}.Debug|Any CPU.Build.0 = Debug|Any CPU
		{58F550CA-7B74-411A-A025-E5C99A2A5B09}.Debug|x64.ActiveCfg = Debug|Any CPU
		{58F550CA-7B74-411A-A025-E5C99A2A5B09}.Debug|x64.Build.0 = Debug|Any CPU
		{58F550CA-7B74-411A-A025-E5C99A2A5B09}.Debug|x86.ActiveCfg = Debug|Any CPU
		{58F550CA-7B74-411A-A025-E5C99A2A5B09}.Debug|x86.Build.0 = Debug|Any CPU
		{58F550CA-7B74-411A-A025-E5C99A2A5B09}.Release|Any CPU.ActiveCfg = Release|Any CPU
		{58F550CA-7B74-411A-A025-E5C99A2A5B09}.Release|Any CPU.Build.0 = Release|Any CPU
		{58F550CA-7B74-411A-A025-E5C99A2A5B09}.Release|x64.ActiveCfg = Release|Any CPU
		{58F550CA-7B74-411A-A025-E5C99A2A5B09}.Release|x64.Build.0 = Release|Any CPU
		{58F550CA-7B74-411A-A025-E5C99A2A5B09}.Release|x86.ActiveCfg = Release|Any CPU
		{58F550CA-7B74-411A-A025-E5C99A2A5B09}.Release|x86.Build.0 = Release|Any CPU
		{FD8105E9-2E1B-4638-8881-4EC9C7D20E9F}.Debug|Any CPU.ActiveCfg = Debug|Any CPU
		{FD8105E9-2E1B-4638-8881-4EC9C7D20E9F}.Debug|Any CPU.Build.0 = Debug|Any CPU
		{FD8105E9-2E1B-4638-8881-4EC9C7D20E9F}.Debug|x64.ActiveCfg = Debug|Any CPU
		{FD8105E9-2E1B-4638-8881-4EC9C7D20E9F}.Debug|x64.Build.0 = Debug|Any CPU
		{FD8105E9-2E1B-4638-8881-4EC9C7D20E9F}.Debug|x86.ActiveCfg = Debug|Any CPU
		{FD8105E9-2E1B-4638-8881-4EC9C7D20E9F}.Debug|x86.Build.0 = Debug|Any CPU
		{FD8105E9-2E1B-4638-8881-4EC9C7D20E9F}.Release|Any CPU.ActiveCfg = Release|Any CPU
		{FD8105E9-2E1B-4638-8881-4EC9C7D20E9F}.Release|Any CPU.Build.0 = Release|Any CPU
		{FD8105E9-2E1B-4638-8881-4EC9C7D20E9F}.Release|x64.ActiveCfg = Release|Any CPU
		{FD8105E9-2E1B-4638-8881-4EC9C7D20E9F}.Release|x64.Build.0 = Release|Any CPU
		{FD8105E9-2E1B-4638-8881-4EC9C7D20E9F}.Release|x86.ActiveCfg = Release|Any CPU
		{FD8105E9-2E1B-4638-8881-4EC9C7D20E9F}.Release|x86.Build.0 = Release|Any CPU
	EndGlobalSection
	GlobalSection(SolutionProperties) = preSolution
		HideSolutionNode = FALSE
	EndGlobalSection
	GlobalSection(ExtensibilityGlobals) = postSolution
		SolutionGuid = {DB5D8293-48DE-4705-A9E3-BF9595E3BC7D}
	EndGlobalSection
EndGlobal
